
Microsoft Visual Studio Solution File, Format Version 12.00
# Visual Studio Version 17
VisualStudioVersion = 17.4.33110.190
MinimumVisualStudioVersion = 10.0.40219.1
Project("{FAE04EC0-301F-11D3-BF4B-00C04F79EFBC}") = "Memory_Cards", "Memory_Cards\Memory_Cards.csproj", "{2CF86B62-B0A5-4E66-85E6-0DB1A3A2ADAF}"
EndProject
Global
	GlobalSection(SolutionConfigurationPlatforms) = preSolution
		Debug|Any CPU = Debug|Any CPU
		Release|Any CPU = Release|Any CPU
	EndGlobalSection
	GlobalSection(ProjectConfigurationPlatforms) = postSolution
		{2CF86B62-B0A5-4E66-85E6-0DB1A3A2ADAF}.Debug|Any CPU.ActiveCfg = Debug|Any CPU
		{2CF86B62-B0A5-4E66-85E6-0DB1A3A2ADAF}.Debug|Any CPU.Build.0 = Debug|Any CPU
		{2CF86B62-B0A5-4E66-85E6-0DB1A3A2ADAF}.Release|Any CPU.ActiveCfg = Release|Any CPU
		{2CF86B62-B0A5-4E66-85E6-0DB1A3A2ADAF}.Release|Any CPU.Build.0 = Release|Any CPU
	EndGlobalSection
	GlobalSection(SolutionProperties) = preSolution
		HideSolutionNode = FALSE
	EndGlobalSection
	GlobalSection(ExtensibilityGlobals) = postSolution
		SolutionGuid = {46C66559-CCC8-4289-A8AD-56B28D5E9931}
	EndGlobalSection
EndGlobal
